
Microsoft Visual Studio Solution File, Format Version 12.00
# Visual Studio Version 17
VisualStudioVersion = 17.0.31903.59
MinimumVisualStudioVersion = 10.0.40219.1
Project("{2150E333-8FDC-42A3-9474-1A3956D46DE8}") = "src", "src", "{1A158E70-DE96-4C6D-AAC9-649CF05A6005}"
EndProject
Project("{FAE04EC0-301F-11D3-BF4B-00C04F79EFBC}") = "OnlineGame.AuthService.Api", "src\Api\OnlineGame.AuthService.Api.csproj", "{442CE3AB-2417-4E84-AE86-42C76BEF6BFD}"
EndProject
Global
	GlobalSection(SolutionConfigurationPlatforms) = preSolution
		Debug|Any CPU = Debug|Any CPU
		Release|Any CPU = Release|Any CPU
	EndGlobalSection
	GlobalSection(SolutionProperties) = preSolution
		HideSolutionNode = FALSE
	EndGlobalSection
	GlobalSection(ProjectConfigurationPlatforms) = postSolution
		{442CE3AB-2417-4E84-AE86-42C76BEF6BFD}.Debug|Any CPU.ActiveCfg = Debug|Any CPU
		{442CE3AB-2417-4E84-AE86-42C76BEF6BFD}.Debug|Any CPU.Build.0 = Debug|Any CPU
		{442CE3AB-2417-4E84-AE86-42C76BEF6BFD}.Release|Any CPU.ActiveCfg = Release|Any CPU
		{442CE3AB-2417-4E84-AE86-42C76BEF6BFD}.Release|Any CPU.Build.0 = Release|Any CPU
	EndGlobalSection
	GlobalSection(NestedProjects) = preSolution
		{442CE3AB-2417-4E84-AE86-42C76BEF6BFD} = {1A158E70-DE96-4C6D-AAC9-649CF05A6005}
	EndGlobalSection
EndGlobal
